{
    "_meta": {
        "hash": {
            "sha256": "668ec52633e7ac78ca76ba024b953b90a98fdd1cd62d3f092b9f0e5eb7ba7e9f"
        },
        "pipfile-spec": 6,
        "requires": {
            "python_version": "3.6"
        },
        "sources": [
            {
                "name": "pypi",
                "url": "https://pypi.org/simple",
                "verify_ssl": true
            }
        ]
    },
    "default": {
        "certifi": {
            "hashes": [
                "sha256:339dc09518b07e2fa7eda5450740925974815557727d6bd35d319c1524a04a4c",
                "sha256:6d58c986d22b038c8c0df30d639f23a3e6d172a05c3583e766f4c0b785c0986a"
            ],
            "version": "==2018.10.15"
        },
        "chardet": {
            "hashes": [
                "sha256:84ab92ed1c4d4f16916e05906b6b75a6c0fb5db821cc65e70cbd64a3e2a5eaae",
                "sha256:fc323ffcaeaed0e0a02bf4d117757b98aed530d9ed4531e3e15460124c106691"
            ],
            "version": "==3.0.4"
        },
        "dj-database-url": {
            "hashes": [
                "sha256:4aeaeb1f573c74835b0686a2b46b85990571159ffc21aa57ecd4d1e1cb334163",
                "sha256:851785365761ebe4994a921b433062309eb882fedd318e1b0fcecc607ed02da9"
            ],
            "index": "pypi",
            "version": "==0.5.0"
        },
        "django": {
            "hashes": [
                "sha256:1ffab268ada3d5684c05ba7ce776eaeedef360712358d6a6b340ae9f16486916",
                "sha256:dd46d87af4c1bf54f4c926c3cfa41dc2b5c15782f15e4329752ce65f5dad1c37"
            ],
            "index": "pypi",
            "version": "==2.1.3"
        },
        "django-mailgun": {
            "hashes": [
                "sha256:d795076d18c0aa66fbac37f8b428f036417a3ec7ecc2d6499c021d318d60bfff"
            ],
            "index": "pypi",
            "version": "==0.9.1"
        },
        "gunicorn": {
            "hashes": [
                "sha256:aa8e0b40b4157b36a5df5e599f45c9c76d6af43845ba3b3b0efe2c70473c2471",
                "sha256:fa2662097c66f920f53f70621c6c58ca4a3c4d3434205e608e121b5b3b71f4f3"
            ],
            "index": "pypi",
            "version": "==19.9.0"
        },
        "idna": {
            "hashes": [
                "sha256:156a6814fb5ac1fc6850fb002e0852d56c0c8d2531923a51032d1b70760e186e",
                "sha256:684a38a6f903c1d71d6d5fac066b58d7768af4de2b832e426ec79c30daa94a16"
            ],
            "version": "==2.7"
        },
        "psycopg2-binary": {
            "hashes": [
                "sha256:0d3ca99a80d6018d3ee9723c4d7e5cbe04d20032cdb49469e7db5c8945951ac8",
                "sha256:0f8a48ad5957bf420c3cc891417f1a41d363f33c00248d6c320d3910a2f7ab07",
                "sha256:3187730658f8be85c0e761b49e7a3763507ebadd2c68be78a0153ef43a261c2d",
                "sha256:35ecda69ea4ceb84e59dff47a6755b07069e45e1b18e50bccdd258da0bd42350",
                "sha256:4bac49711e8b6b023600571259b0792795d00518a0f32df68ca2c4f8d7cda8ea",
                "sha256:5f693cb5aa2ac94a62de3e45b2b0cba76c975daadeb4eaa26c64d302fcb7ca6c",
                "sha256:6804e5d1cdba2e84dce38353e827ae3b2262f2c2f784675e18802ee6252cc289",
                "sha256:6edd27d913be09c11a9894d54a67b7f1d7a4c130d06a8e76b0a8c22ffce74575",
                "sha256:7b82f6eb19ba0cdc0690191a33ba626c79b30d95d781d20fa63ea10197de1a61",
                "sha256:7ba143cce3fba6c2b115dc2aa88a6965d5208df3293a0c1d81f5234a1d88b728",
                "sha256:80bf63fa9493c82d72788376c7342a27b8c4f07971be405cbb886c6b025bebc8",
                "sha256:84389e0e8f4cf11fed55815a1eb7e4dc89513efedaf2a11e21ef1486a941b535",
                "sha256:855d0357b162fe6053649eb20f05c3ebeaeb19bf2772d878d518f9928ec8e3b2",
                "sha256:87a7988c1b741dd41a935aafc5927aa2ccd5672745f1f17994783c76b7912dd9",
                "sha256:8a724c63cf0e2089756c88e1257fe7f6261bf38711375cd1b1a9dbd68cbe2384",
                "sha256:8b1560aab51efe0ffb27eeafb7f1be3f138f8c7601198659de56ac36ae189f84",
                "sha256:8c77926ba1e4015a3d6c30d788e116ea70fa773227957afde8bd8a61a58e13f1",
                "sha256:9b1082f581660adf90b902b99e526cfd970ae9cd988d0ff3322300f60838fee4",
                "sha256:9c14cf1b3945d86dcf0d8b404d1327185a03511caa1d3225eeb344b74a85b138",
                "sha256:9f49ca00e49dac93663927c4c8c2758b97463bab65ceb932157cc4c114d39d21",
                "sha256:a511dfeb956f44ceacd5e9e23cf325da240c347a406b31dd536aefa120d0fefb",
                "sha256:a574db4c96e38ddb8a40f1dbf3c906949e9923420a480810d22b7b78f61e0596",
                "sha256:a84f39e0efe7dcc8d2a34be976c2c5508bace6d703979730bb9021f6cce5dd0e",
                "sha256:ac6b117abb4bd257d5f6b25cca060e74f3e2e038faa5c05d201335aa4657935d",
                "sha256:b4fb3e647aca98c00eaf9f15de89a9287ebbcd873a8e3e3dcee6df91766a2734",
                "sha256:bad2695ada7727f976c2aa3ad5a9ea68c486076deb8378e004b789e48f8d175b",
                "sha256:bc5fa1a9b29c0f2ab2f706c5079b44f35002530ae39b609b6fcb80e5a70178e3",
                "sha256:e34e85a2868a5853f3f66ef1b04700e3e2ca92f0af09dc4060e57e8a295b2871",
                "sha256:e42e969cb4292a550b54f5436b6f52cc35fd5b6209859710c42892368308a544",
                "sha256:fedc1f64714a32c01503f39ac3da2ed21dbceaa534107b3c9c617be63971d7b6"
            ],
            "index": "pypi",
            "version": "==2.7.6"
        },
        "pytz": {
            "hashes": [
                "sha256:31cb35c89bd7d333cd32c5f278fca91b523b0834369e757f4c5641ea252236ca",
                "sha256:8e0f8568c118d3077b46be7d654cc8167fa916092e28320cde048e54bfc9f1e6"
            ],
            "version": "==2018.7"
        },
        "requests": {
            "hashes": [
                "sha256:65b3a120e4329e33c9889db89c80976c5272f56ea92d3e74da8a463992e3ff54",
                "sha256:ea881206e59f41dbd0bd445437d792e43906703fff75ca8ff43ccdb11f33f263"
            ],
            "index": "pypi",
            "version": "==2.20.1"
        },
        "requests-file": {
            "hashes": [
                "sha256:75c175eed739270aec3c5279ffd74e6527dada275c5c0d76b5817e9c86bb7dea",
                "sha256:8f04aa6201bacda0567e7ac7f677f1499b0fc76b22140c54bc06edf1ba92e2fa"
            ],
            "version": "==1.4.3"
        },
        "six": {
            "hashes": [
                "sha256:70e8a77beed4562e7f14fe23a786b54f6296e34344c23bc42f07b15018ff98e9",
                "sha256:832dc0e10feb1aa2c68dcc57dbb658f1c7e65b9b61af69048abc87a2db00a0eb"
            ],
            "version": "==1.11.0"
        },
        "tldextract": {
            "hashes": [
                "sha256:29797125db1f2e72ce2ee51f7a764ec8b1e6588812520795ffeae93bcd46bab4",
                "sha256:84a0b275c262e34df7506e10767e357e8b5a755a3a620cdc2cfe035061f7806d"
            ],
            "index": "pypi",
            "version": "==2.2.0"
        },
        "urllib3": {
            "hashes": [
                "sha256:61bf29cada3fc2fbefad4fdf059ea4bd1b4a86d2b6d15e1c7c0b582b9752fe39",
                "sha256:de9529817c93f27c8ccbfead6985011db27bd0ddfcdb2d86f3f663385c6a9c22"
            ],
            "version": "==1.24.1"
        }
    },
    "develop": {}
}
